
Microsoft Visual Studio Solution File, Format Version 12.00
# Visual Studio 14
VisualStudioVersion = 14.0.25420.1
MinimumVisualStudioVersion = 10.0.40219.1
Project("{FAE04EC0-301F-11D3-BF4B-00C04F79EFBC}") = "WpfApp.Template.Shell", "WpfApp.Template.Shell\WpfApp.Template.Shell.csproj", "{78D39C22-100D-43D4-9AFE-101BA7047E4E}"
EndProject
Project("{FAE04EC0-301F-11D3-BF4B-00C04F79EFBC}") = "WpfApp.Template.Core", "WpfApp.Template.Core\WpfApp.Template.Core.csproj", "{2B40C5BA-B1CD-42BD-94C8-28CEA0734422}"
EndProject
Global
	GlobalSection(SolutionConfigurationPlatforms) = preSolution
		Debug|Any CPU = Debug|Any CPU
		Release|Any CPU = Release|Any CPU
	EndGlobalSection
	GlobalSection(ProjectConfigurationPlatforms) = postSolution
		{78D39C22-100D-43D4-9AFE-101BA7047E4E}.Debug|Any CPU.ActiveCfg = Debug|Any CPU
		{78D39C22-100D-43D4-9AFE-101BA7047E4E}.Debug|Any CPU.Build.0 = Debug|Any CPU
		{78D39C22-100D-43D4-9AFE-101BA7047E4E}.Release|Any CPU.ActiveCfg = Release|Any CPU
		{78D39C22-100D-43D4-9AFE-101BA7047E4E}.Release|Any CPU.Build.0 = Release|Any CPU
		{2B40C5BA-B1CD-42BD-94C8-28CEA0734422}.Debug|Any CPU.ActiveCfg = Debug|Any CPU
		{2B40C5BA-B1CD-42BD-94C8-28CEA0734422}.Debug|Any CPU.Build.0 = Debug|Any CPU
		{2B40C5BA-B1CD-42BD-94C8-28CEA0734422}.Release|Any CPU.ActiveCfg = Release|Any CPU
		{2B40C5BA-B1CD-42BD-94C8-28CEA0734422}.Release|Any CPU.Build.0 = Release|Any CPU
	EndGlobalSection
	GlobalSection(SolutionProperties) = preSolution
		HideSolutionNode = FALSE
	EndGlobalSection
EndGlobal
